// !$*UTF8*$!
{
	archiveVersion = 1;
	classes = {
	};
	objectVersion = 51;
	objects = {

/* Begin PBXBuildFile section */
		2EA4ED2ADDE004AD40C00504 /* Pods_StreamiSubject_StreamiSubjectUITests.framework in Frameworks */ = {isa = PBXBuildFile; fileRef = 4337DB2560FA6274E4F211AA /* Pods_StreamiSubject_StreamiSubjectUITests.framework */; };
		9E2E489C03FB7B2EC31CCFE7 /* Pods_StreamiSubject.framework in Frameworks */ = {isa = PBXBuildFile; fileRef = 49FE26D9296DFC4B5A6D21CE /* Pods_StreamiSubject.framework */; };
		B29BB799C7B8A9BC49972D35 /* Pods_StreamiSubjectTests.framework in Frameworks */ = {isa = PBXBuildFile; fileRef = 3172E23B4F8D6A8E96FDD5E4 /* Pods_StreamiSubjectTests.framework */; };
		C70D5F7E245B01C1001E3006 /* HomeViewController.swift in Sources */ = {isa = PBXBuildFile; fileRef = C70D5F7C245B01C1001E3006 /* HomeViewController.swift */; };
		C70D5F7F245B01C1001E3006 /* HomeViewController.xib in Resources */ = {isa = PBXBuildFile; fileRef = C70D5F7D245B01C1001E3006 /* HomeViewController.xib */; };
		C70D5F83245B0227001E3006 /* BaseViewController.swift in Sources */ = {isa = PBXBuildFile; fileRef = C70D5F82245B0227001E3006 /* BaseViewController.swift */; };
		C70D5F89245B036D001E3006 /* MainViewController.swift in Sources */ = {isa = PBXBuildFile; fileRef = C70D5F87245B036D001E3006 /* MainViewController.swift */; };
		C70D5F8A245B036D001E3006 /* MainViewController.xib in Resources */ = {isa = PBXBuildFile; fileRef = C70D5F88245B036D001E3006 /* MainViewController.xib */; };
		C70D5F8C245B0506001E3006 /* MainViewModel.swift in Sources */ = {isa = PBXBuildFile; fileRef = C70D5F8B245B0506001E3006 /* MainViewModel.swift */; };
		C70D5F8E245B0519001E3006 /* MainModel.swift in Sources */ = {isa = PBXBuildFile; fileRef = C70D5F8D245B0519001E3006 /* MainModel.swift */; };
		C70D5F90245B062D001E3006 /* Base.swift in Sources */ = {isa = PBXBuildFile; fileRef = C70D5F8F245B062D001E3006 /* Base.swift */; };
		C71B6F0B245C726C00D3693A /* HomeViewModel.swift in Sources */ = {isa = PBXBuildFile; fileRef = C71B6F0A245C726C00D3693A /* HomeViewModel.swift */; };
		C71B6F0D245C728700D3693A /* HomeModel.swift in Sources */ = {isa = PBXBuildFile; fileRef = C71B6F0C245C728700D3693A /* HomeModel.swift */; };
		C75BF2E52463264900CC7CC0 /* HomeCellTableViewCell.swift in Sources */ = {isa = PBXBuildFile; fileRef = C75BF2E32463264900CC7CC0 /* HomeCellTableViewCell.swift */; };
		C75BF2E62463264900CC7CC0 /* HomeCellTableViewCell.xib in Resources */ = {isa = PBXBuildFile; fileRef = C75BF2E42463264900CC7CC0 /* HomeCellTableViewCell.xib */; };
		C75BF2E9246406BF00CC7CC0 /* IndicatorViewViewController.swift in Sources */ = {isa = PBXBuildFile; fileRef = C75BF2E7246406BF00CC7CC0 /* IndicatorViewViewController.swift */; };
		C75BF2EA246406BF00CC7CC0 /* IndicatorViewViewController.xib in Resources */ = {isa = PBXBuildFile; fileRef = C75BF2E8246406BF00CC7CC0 /* IndicatorViewViewController.xib */; };
		C7D33B5B2462EEC0007AD2D2 /* CoinRepository.swift in Sources */ = {isa = PBXBuildFile; fileRef = C7D33B5A2462EEC0007AD2D2 /* CoinRepository.swift */; };
		C7D33B5D2462F1C6007AD2D2 /* CoinMaster.swift in Sources */ = {isa = PBXBuildFile; fileRef = C7D33B5C2462F1C6007AD2D2 /* CoinMaster.swift */; };
		C7D33B5F24630C40007AD2D2 /* HomeRepository.swift in Sources */ = {isa = PBXBuildFile; fileRef = C7D33B5E24630C40007AD2D2 /* HomeRepository.swift */; };
		C7D401D0245AFCCB008B9926 /* AppDelegate.swift in Sources */ = {isa = PBXBuildFile; fileRef = C7D401CF245AFCCB008B9926 /* AppDelegate.swift */; };
		C7D401D4245AFCCB008B9926 /* ViewController.swift in Sources */ = {isa = PBXBuildFile; fileRef = C7D401D3245AFCCB008B9926 /* ViewController.swift */; };
		C7D401D7245AFCCB008B9926 /* Main.storyboard in Resources */ = {isa = PBXBuildFile; fileRef = C7D401D5245AFCCB008B9926 /* Main.storyboard */; };
		C7D401D9245AFCCE008B9926 /* Assets.xcassets in Resources */ = {isa = PBXBuildFile; fileRef = C7D401D8245AFCCE008B9926 /* Assets.xcassets */; };
		C7D401DC245AFCCE008B9926 /* LaunchScreen.storyboard in Resources */ = {isa = PBXBuildFile; fileRef = C7D401DA245AFCCE008B9926 /* LaunchScreen.storyboard */; };
		C7D401E7245AFCCE008B9926 /* StreamiSubjectTests.swift in Sources */ = {isa = PBXBuildFile; fileRef = C7D401E6245AFCCE008B9926 /* StreamiSubjectTests.swift */; };
		C7D401F2245AFCCE008B9926 /* StreamiSubjectUITests.swift in Sources */ = {isa = PBXBuildFile; fileRef = C7D401F1245AFCCE008B9926 /* StreamiSubjectUITests.swift */; };
/* End PBXBuildFile section */

/* Begin PBXContainerItemProxy section */
		C7D401E3245AFCCE008B9926 /* PBXContainerItemProxy */ = {
			isa = PBXContainerItemProxy;
			containerPortal = C7D401C4245AFCCB008B9926 /* Project object */;
			proxyType = 1;
			remoteGlobalIDString = C7D401CB245AFCCB008B9926;
			remoteInfo = StreamiSubject;
		};
		C7D401EE245AFCCE008B9926 /* PBXContainerItemProxy */ = {
			isa = PBXContainerItemProxy;
			containerPortal = C7D401C4245AFCCB008B9926 /* Project object */;
			proxyType = 1;
			remoteGlobalIDString = C7D401CB245AFCCB008B9926;
			remoteInfo = StreamiSubject;
		};
/* End PBXContainerItemProxy section */

/* Begin PBXFileReference section */
		066A7FFCDEC2B6889983F4CA /* Pods-StreamiSubjectTests.release.xcconfig */ = {isa = PBXFileReference; includeInIndex = 1; lastKnownFileType = text.xcconfig; name = "Pods-StreamiSubjectTests.release.xcconfig"; path = "Target Support Files/Pods-StreamiSubjectTests/Pods-StreamiSubjectTests.release.xcconfig"; sourceTree = "<group>"; };
		18F62F640F16B8A4D005C1D6 /* Pods-StreamiSubject.release.xcconfig */ = {isa = PBXFileReference; includeInIndex = 1; lastKnownFileType = text.xcconfig; name = "Pods-StreamiSubject.release.xcconfig"; path = "Target Support Files/Pods-StreamiSubject/Pods-StreamiSubject.release.xcconfig"; sourceTree = "<group>"; };
		3172E23B4F8D6A8E96FDD5E4 /* Pods_StreamiSubjectTests.framework */ = {isa = PBXFileReference; explicitFileType = wrapper.framework; includeInIndex = 0; path = Pods_StreamiSubjectTests.framework; sourceTree = BUILT_PRODUCTS_DIR; };
		4337DB2560FA6274E4F211AA /* Pods_StreamiSubject_StreamiSubjectUITests.framework */ = {isa = PBXFileReference; explicitFileType = wrapper.framework; includeInIndex = 0; path = Pods_StreamiSubject_StreamiSubjectUITests.framework; sourceTree = BUILT_PRODUCTS_DIR; };
		49FE26D9296DFC4B5A6D21CE /* Pods_StreamiSubject.framework */ = {isa = PBXFileReference; explicitFileType = wrapper.framework; includeInIndex = 0; path = Pods_StreamiSubject.framework; sourceTree = BUILT_PRODUCTS_DIR; };
		4C9C1651F6F11C4087DEFFB6 /* Pods-StreamiSubject-StreamiSubjectUITests.debug.xcconfig */ = {isa = PBXFileReference; includeInIndex = 1; lastKnownFileType = text.xcconfig; name = "Pods-StreamiSubject-StreamiSubjectUITests.debug.xcconfig"; path = "Target Support Files/Pods-StreamiSubject-StreamiSubjectUITests/Pods-StreamiSubject-StreamiSubjectUITests.debug.xcconfig"; sourceTree = "<group>"; };
		87CB16592E7C1CFAA01D2F34 /* Pods-StreamiSubject-StreamiSubjectUITests.release.xcconfig */ = {isa = PBXFileReference; includeInIndex = 1; lastKnownFileType = text.xcconfig; name = "Pods-StreamiSubject-StreamiSubjectUITests.release.xcconfig"; path = "Target Support Files/Pods-StreamiSubject-StreamiSubjectUITests/Pods-StreamiSubject-StreamiSubjectUITests.release.xcconfig"; sourceTree = "<group>"; };
		9AF0F264583572E85E9B4787 /* Pods-StreamiSubjectTests.debug.xcconfig */ = {isa = PBXFileReference; includeInIndex = 1; lastKnownFileType = text.xcconfig; name = "Pods-StreamiSubjectTests.debug.xcconfig"; path = "Target Support Files/Pods-StreamiSubjectTests/Pods-StreamiSubjectTests.debug.xcconfig"; sourceTree = "<group>"; };
		BE88847F609BA3E8F7BCDF6F /* Pods-StreamiSubject.debug.xcconfig */ = {isa = PBXFileReference; includeInIndex = 1; lastKnownFileType = text.xcconfig; name = "Pods-StreamiSubject.debug.xcconfig"; path = "Target Support Files/Pods-StreamiSubject/Pods-StreamiSubject.debug.xcconfig"; sourceTree = "<group>"; };
		C70D5F7C245B01C1001E3006 /* HomeViewController.swift */ = {isa = PBXFileReference; lastKnownFileType = sourcecode.swift; path = HomeViewController.swift; sourceTree = "<group>"; };
		C70D5F7D245B01C1001E3006 /* HomeViewController.xib */ = {isa = PBXFileReference; lastKnownFileType = file.xib; path = HomeViewController.xib; sourceTree = "<group>"; };
		C70D5F82245B0227001E3006 /* BaseViewController.swift */ = {isa = PBXFileReference; lastKnownFileType = sourcecode.swift; path = BaseViewController.swift; sourceTree = "<group>"; };
		C70D5F87245B036D001E3006 /* MainViewController.swift */ = {isa = PBXFileReference; lastKnownFileType = sourcecode.swift; path = MainViewController.swift; sourceTree = "<group>"; };
		C70D5F88245B036D001E3006 /* MainViewController.xib */ = {isa = PBXFileReference; lastKnownFileType = file.xib; path = MainViewController.xib; sourceTree = "<group>"; };
		C70D5F8B245B0506001E3006 /* MainViewModel.swift */ = {isa = PBXFileReference; lastKnownFileType = sourcecode.swift; path = MainViewModel.swift; sourceTree = "<group>"; };
		C70D5F8D245B0519001E3006 /* MainModel.swift */ = {isa = PBXFileReference; lastKnownFileType = sourcecode.swift; path = MainModel.swift; sourceTree = "<group>"; };
		C70D5F8F245B062D001E3006 /* Base.swift */ = {isa = PBXFileReference; lastKnownFileType = sourcecode.swift; name = Base.swift; path = StreamiSubject/Base/Base.swift; sourceTree = SOURCE_ROOT; };
		C71B6F0A245C726C00D3693A /* HomeViewModel.swift */ = {isa = PBXFileReference; lastKnownFileType = sourcecode.swift; path = HomeViewModel.swift; sourceTree = "<group>"; };
		C71B6F0C245C728700D3693A /* HomeModel.swift */ = {isa = PBXFileReference; lastKnownFileType = sourcecode.swift; path = HomeModel.swift; sourceTree = "<group>"; };
		C75BF2E32463264900CC7CC0 /* HomeCellTableViewCell.swift */ = {isa = PBXFileReference; lastKnownFileType = sourcecode.swift; path = HomeCellTableViewCell.swift; sourceTree = "<group>"; };
		C75BF2E42463264900CC7CC0 /* HomeCellTableViewCell.xib */ = {isa = PBXFileReference; lastKnownFileType = file.xib; path = HomeCellTableViewCell.xib; sourceTree = "<group>"; };
		C75BF2E7246406BF00CC7CC0 /* IndicatorViewViewController.swift */ = {isa = PBXFileReference; lastKnownFileType = sourcecode.swift; path = IndicatorViewViewController.swift; sourceTree = "<group>"; };
		C75BF2E8246406BF00CC7CC0 /* IndicatorViewViewController.xib */ = {isa = PBXFileReference; lastKnownFileType = file.xib; path = IndicatorViewViewController.xib; sourceTree = "<group>"; };
		C7D33B5A2462EEC0007AD2D2 /* CoinRepository.swift */ = {isa = PBXFileReference; lastKnownFileType = sourcecode.swift; path = CoinRepository.swift; sourceTree = "<group>"; };
		C7D33B5C2462F1C6007AD2D2 /* CoinMaster.swift */ = {isa = PBXFileReference; lastKnownFileType = sourcecode.swift; path = CoinMaster.swift; sourceTree = "<group>"; };
		C7D33B5E24630C40007AD2D2 /* HomeRepository.swift */ = {isa = PBXFileReference; lastKnownFileType = sourcecode.swift; path = HomeRepository.swift; sourceTree = "<group>"; };
		C7D401CC245AFCCB008B9926 /* StreamiSubject.app */ = {isa = PBXFileReference; explicitFileType = wrapper.application; includeInIndex = 0; path = StreamiSubject.app; sourceTree = BUILT_PRODUCTS_DIR; };
		C7D401CF245AFCCB008B9926 /* AppDelegate.swift */ = {isa = PBXFileReference; lastKnownFileType = sourcecode.swift; path = AppDelegate.swift; sourceTree = "<group>"; };
		C7D401D3245AFCCB008B9926 /* ViewController.swift */ = {isa = PBXFileReference; lastKnownFileType = sourcecode.swift; path = ViewController.swift; sourceTree = "<group>"; };
		C7D401D6245AFCCB008B9926 /* Base */ = {isa = PBXFileReference; lastKnownFileType = file.storyboard; name = Base; path = Base.lproj/Main.storyboard; sourceTree = "<group>"; };
		C7D401D8245AFCCE008B9926 /* Assets.xcassets */ = {isa = PBXFileReference; lastKnownFileType = folder.assetcatalog; path = Assets.xcassets; sourceTree = "<group>"; };
		C7D401DB245AFCCE008B9926 /* Base */ = {isa = PBXFileReference; lastKnownFileType = file.storyboard; name = Base; path = Base.lproj/LaunchScreen.storyboard; sourceTree = "<group>"; };
		C7D401DD245AFCCE008B9926 /* Info.plist */ = {isa = PBXFileReference; lastKnownFileType = text.plist.xml; path = Info.plist; sourceTree = "<group>"; };
		C7D401E2245AFCCE008B9926 /* StreamiSubjectTests.xctest */ = {isa = PBXFileReference; explicitFileType = wrapper.cfbundle; includeInIndex = 0; path = StreamiSubjectTests.xctest; sourceTree = BUILT_PRODUCTS_DIR; };
		C7D401E6245AFCCE008B9926 /* StreamiSubjectTests.swift */ = {isa = PBXFileReference; lastKnownFileType = sourcecode.swift; path = StreamiSubjectTests.swift; sourceTree = "<group>"; };
		C7D401E8245AFCCE008B9926 /* Info.plist */ = {isa = PBXFileReference; lastKnownFileType = text.plist.xml; path = Info.plist; sourceTree = "<group>"; };
		C7D401ED245AFCCE008B9926 /* StreamiSubjectUITests.xctest */ = {isa = PBXFileReference; explicitFileType = wrapper.cfbundle; includeInIndex = 0; path = StreamiSubjectUITests.xctest; sourceTree = BUILT_PRODUCTS_DIR; };
		C7D401F1245AFCCE008B9926 /* StreamiSubjectUITests.swift */ = {isa = PBXFileReference; lastKnownFileType = sourcecode.swift; path = StreamiSubjectUITests.swift; sourceTree = "<group>"; };
		C7D401F3245AFCCE008B9926 /* Info.plist */ = {isa = PBXFileReference; lastKnownFileType = text.plist.xml; path = Info.plist; sourceTree = "<group>"; };
/* End PBXFileReference section */

/* Begin PBXFrameworksBuildPhase section */
		C7D401C9245AFCCB008B9926 /* Frameworks */ = {
			isa = PBXFrameworksBuildPhase;
			buildActionMask = 2147483647;
			files = (
				9E2E489C03FB7B2EC31CCFE7 /* Pods_StreamiSubject.framework in Frameworks */,
			);
			runOnlyForDeploymentPostprocessing = 0;
		};
		C7D401DF245AFCCE008B9926 /* Frameworks */ = {
			isa = PBXFrameworksBuildPhase;
			buildActionMask = 2147483647;
			files = (
				B29BB799C7B8A9BC49972D35 /* Pods_StreamiSubjectTests.framework in Frameworks */,
			);
			runOnlyForDeploymentPostprocessing = 0;
		};
		C7D401EA245AFCCE008B9926 /* Frameworks */ = {
			isa = PBXFrameworksBuildPhase;
			buildActionMask = 2147483647;
			files = (
				2EA4ED2ADDE004AD40C00504 /* Pods_StreamiSubject_StreamiSubjectUITests.framework in Frameworks */,
			);
			runOnlyForDeploymentPostprocessing = 0;
		};
/* End PBXFrameworksBuildPhase section */

/* Begin PBXGroup section */
		3BAA7EEA698084D27F4FA85F /* Pods */ = {
			isa = PBXGroup;
			children = (
				BE88847F609BA3E8F7BCDF6F /* Pods-StreamiSubject.debug.xcconfig */,
				18F62F640F16B8A4D005C1D6 /* Pods-StreamiSubject.release.xcconfig */,
				4C9C1651F6F11C4087DEFFB6 /* Pods-StreamiSubject-StreamiSubjectUITests.debug.xcconfig */,
				87CB16592E7C1CFAA01D2F34 /* Pods-StreamiSubject-StreamiSubjectUITests.release.xcconfig */,
				9AF0F264583572E85E9B4787 /* Pods-StreamiSubjectTests.debug.xcconfig */,
				066A7FFCDEC2B6889983F4CA /* Pods-StreamiSubjectTests.release.xcconfig */,
			);
			path = Pods;
			sourceTree = "<group>";
		};
		C70D5F81245B020C001E3006 /* Base */ = {
			isa = PBXGroup;
			children = (
				C70D5F82245B0227001E3006 /* BaseViewController.swift */,
				C70D5F8F245B062D001E3006 /* Base.swift */,
			);
			path = Base;
			sourceTree = "<group>";
		};
		C7D401C3245AFCCB008B9926 = {
			isa = PBXGroup;
			children = (
				C7D401CE245AFCCB008B9926 /* StreamiSubject */,
				C7D401E5245AFCCE008B9926 /* StreamiSubjectTests */,
				C7D401F0245AFCCE008B9926 /* StreamiSubjectUITests */,
				C7D401CD245AFCCB008B9926 /* Products */,
				3BAA7EEA698084D27F4FA85F /* Pods */,
				E3307273BBC95C9812AEB3A9 /* Frameworks */,
			);
			sourceTree = "<group>";
		};
		C7D401CD245AFCCB008B9926 /* Products */ = {
			isa = PBXGroup;
			children = (
				C7D401CC245AFCCB008B9926 /* StreamiSubject.app */,
				C7D401E2245AFCCE008B9926 /* StreamiSubjectTests.xctest */,
				C7D401ED245AFCCE008B9926 /* StreamiSubjectUITests.xctest */,
			);
			name = Products;
			sourceTree = "<group>";
		};
		C7D401CE245AFCCB008B9926 /* StreamiSubject */ = {
			isa = PBXGroup;
			children = (
				C70D5F81245B020C001E3006 /* Base */,
				C7D401CF245AFCCB008B9926 /* AppDelegate.swift */,
				C7D401D3245AFCCB008B9926 /* ViewController.swift */,
				C7D401D5245AFCCB008B9926 /* Main.storyboard */,
				C7D401D8245AFCCE008B9926 /* Assets.xcassets */,
				C7D401DD245AFCCE008B9926 /* Info.plist */,
				C70D5F87245B036D001E3006 /* MainViewController.swift */,
				C70D5F88245B036D001E3006 /* MainViewController.xib */,
				C70D5F8B245B0506001E3006 /* MainViewModel.swift */,
				C70D5F8D245B0519001E3006 /* MainModel.swift */,
				C70D5F7C245B01C1001E3006 /* HomeViewController.swift */,
				C70D5F7D245B01C1001E3006 /* HomeViewController.xib */,
				C71B6F0A245C726C00D3693A /* HomeViewModel.swift */,
				C71B6F0C245C728700D3693A /* HomeModel.swift */,
				C7D33B5E24630C40007AD2D2 /* HomeRepository.swift */,
				C7D33B5C2462F1C6007AD2D2 /* CoinMaster.swift */,
				C7D33B5A2462EEC0007AD2D2 /* CoinRepository.swift */,
				C75BF2E32463264900CC7CC0 /* HomeCellTableViewCell.swift */,
				C75BF2E42463264900CC7CC0 /* HomeCellTableViewCell.xib */,
				C75BF2E7246406BF00CC7CC0 /* IndicatorViewViewController.swift */,
				C75BF2E8246406BF00CC7CC0 /* IndicatorViewViewController.xib */,
				C7D401DA245AFCCE008B9926 /* LaunchScreen.storyboard */,
			);
			path = StreamiSubject;
			sourceTree = "<group>";
		};
		C7D401E5245AFCCE008B9926 /* StreamiSubjectTests */ = {
			isa = PBXGroup;
			children = (
				C7D401E6245AFCCE008B9926 /* StreamiSubjectTests.swift */,
				C7D401E8245AFCCE008B9926 /* Info.plist */,
			);
			path = StreamiSubjectTests;
			sourceTree = "<group>";
		};
		C7D401F0245AFCCE008B9926 /* StreamiSubjectUITests */ = {
			isa = PBXGroup;
			children = (
				C7D401F1245AFCCE008B9926 /* StreamiSubjectUITests.swift */,
				C7D401F3245AFCCE008B9926 /* Info.plist */,
			);
			path = StreamiSubjectUITests;
			sourceTree = "<group>";
		};
		E3307273BBC95C9812AEB3A9 /* Frameworks */ = {
			isa = PBXGroup;
			children = (
				49FE26D9296DFC4B5A6D21CE /* Pods_StreamiSubject.framework */,
				4337DB2560FA6274E4F211AA /* Pods_StreamiSubject_StreamiSubjectUITests.framework */,
				3172E23B4F8D6A8E96FDD5E4 /* Pods_StreamiSubjectTests.framework */,
			);
			name = Frameworks;
			sourceTree = "<group>";
		};
/* End PBXGroup section */

/* Begin PBXNativeTarget section */
		C7D401CB245AFCCB008B9926 /* StreamiSubject */ = {
			isa = PBXNativeTarget;
			buildConfigurationList = C7D401F6245AFCCE008B9926 /* Build configuration list for PBXNativeTarget "StreamiSubject" */;
			buildPhases = (
				0B09623C75A6D71FB31A5835 /* [CP] Check Pods Manifest.lock */,
				C7D401C8245AFCCB008B9926 /* Sources */,
				C7D401C9245AFCCB008B9926 /* Frameworks */,
				C7D401CA245AFCCB008B9926 /* Resources */,
				0014F4757B669E98B2A98D91 /* [CP] Embed Pods Frameworks */,
			);
			buildRules = (
			);
			dependencies = (
			);
			name = StreamiSubject;
			productName = StreamiSubject;
			productReference = C7D401CC245AFCCB008B9926 /* StreamiSubject.app */;
			productType = "com.apple.product-type.application";
		};
		C7D401E1245AFCCE008B9926 /* StreamiSubjectTests */ = {
			isa = PBXNativeTarget;
			buildConfigurationList = C7D401F9245AFCCE008B9926 /* Build configuration list for PBXNativeTarget "StreamiSubjectTests" */;
			buildPhases = (
				00A5C95DDF4462186B4EA263 /* [CP] Check Pods Manifest.lock */,
				C7D401DE245AFCCE008B9926 /* Sources */,
				C7D401DF245AFCCE008B9926 /* Frameworks */,
				C7D401E0245AFCCE008B9926 /* Resources */,
			);
			buildRules = (
			);
			dependencies = (
				C7D401E4245AFCCE008B9926 /* PBXTargetDependency */,
			);
			name = StreamiSubjectTests;
			productName = StreamiSubjectTests;
			productReference = C7D401E2245AFCCE008B9926 /* StreamiSubjectTests.xctest */;
			productType = "com.apple.product-type.bundle.unit-test";
		};
		C7D401EC245AFCCE008B9926 /* StreamiSubjectUITests */ = {
			isa = PBXNativeTarget;
			buildConfigurationList = C7D401FC245AFCCE008B9926 /* Build configuration list for PBXNativeTarget "StreamiSubjectUITests" */;
			buildPhases = (
				61DB8851FF55B230405681D0 /* [CP] Check Pods Manifest.lock */,
				C7D401E9245AFCCE008B9926 /* Sources */,
				C7D401EA245AFCCE008B9926 /* Frameworks */,
				C7D401EB245AFCCE008B9926 /* Resources */,
				3BE0E4F285AA6011E8953551 /* [CP] Embed Pods Frameworks */,
			);
			buildRules = (
			);
			dependencies = (
				C7D401EF245AFCCE008B9926 /* PBXTargetDependency */,
			);
			name = StreamiSubjectUITests;
			productName = StreamiSubjectUITests;
			productReference = C7D401ED245AFCCE008B9926 /* StreamiSubjectUITests.xctest */;
			productType = "com.apple.product-type.bundle.ui-testing";
		};
/* End PBXNativeTarget section */

/* Begin PBXProject section */
		C7D401C4245AFCCB008B9926 /* Project object */ = {
			isa = PBXProject;
			attributes = {
				LastSwiftUpdateCheck = 1130;
				LastUpgradeCheck = 1130;
				ORGANIZATIONNAME = LeeCheolWoo;
				TargetAttributes = {
					C7D401CB245AFCCB008B9926 = {
						CreatedOnToolsVersion = 11.3.1;
					};
					C7D401E1245AFCCE008B9926 = {
						CreatedOnToolsVersion = 11.3.1;
						TestTargetID = C7D401CB245AFCCB008B9926;
					};
					C7D401EC245AFCCE008B9926 = {
						CreatedOnToolsVersion = 11.3.1;
						TestTargetID = C7D401CB245AFCCB008B9926;
					};
				};
			};
			buildConfigurationList = C7D401C7245AFCCB008B9926 /* Build configuration list for PBXProject "StreamiSubject" */;
			compatibilityVersion = "Xcode 9.3";
			developmentRegion = en;
			hasScannedForEncodings = 0;
			knownRegions = (
				en,
				Base,
			);
			mainGroup = C7D401C3245AFCCB008B9926;
			productRefGroup = C7D401CD245AFCCB008B9926 /* Products */;
			projectDirPath = "";
			projectRoot = "";
			targets = (
				C7D401CB245AFCCB008B9926 /* StreamiSubject */,
				C7D401E1245AFCCE008B9926 /* StreamiSubjectTests */,
				C7D401EC245AFCCE008B9926 /* StreamiSubjectUITests */,
			);
		};
/* End PBXProject section */

/* Begin PBXResourcesBuildPhase section */
		C7D401CA245AFCCB008B9926 /* Resources */ = {
			isa = PBXResourcesBuildPhase;
			buildActionMask = 2147483647;
			files = (
				C7D401DC245AFCCE008B9926 /* LaunchScreen.storyboard in Resources */,
				C7D401D9245AFCCE008B9926 /* Assets.xcassets in Resources */,
				C75BF2EA246406BF00CC7CC0 /* IndicatorViewViewController.xib in Resources */,
				C75BF2E62463264900CC7CC0 /* HomeCellTableViewCell.xib in Resources */,
				C70D5F8A245B036D001E3006 /* MainViewController.xib in Resources */,
				C70D5F7F245B01C1001E3006 /* HomeViewController.xib in Resources */,
				C7D401D7245AFCCB008B9926 /* Main.storyboard in Resources */,
			);
			runOnlyForDeploymentPostprocessing = 0;
		};
		C7D401E0245AFCCE008B9926 /* Resources */ = {
			isa = PBXResourcesBuildPhase;
			buildActionMask = 2147483647;
			files = (
			);
			runOnlyForDeploymentPostprocessing = 0;
		};
		C7D401EB245AFCCE008B9926 /* Resources */ = {
			isa = PBXResourcesBuildPhase;
			buildActionMask = 2147483647;
			files = (
			);
			runOnlyForDeploymentPostprocessing = 0;
		};
/* End PBXResourcesBuildPhase section */

/* Begin PBXShellScriptBuildPhase section */
		0014F4757B669E98B2A98D91 /* [CP] Embed Pods Frameworks */ = {
			isa = PBXShellScriptBuildPhase;
			buildActionMask = 2147483647;
			files = (
			);
			inputFileListPaths = (
				"${PODS_ROOT}/Target Support Files/Pods-StreamiSubject/Pods-StreamiSubject-frameworks-${CONFIGURATION}-input-files.xcfilelist",
			);
			name = "[CP] Embed Pods Frameworks";
			outputFileListPaths = (
				"${PODS_ROOT}/Target Support Files/Pods-StreamiSubject/Pods-StreamiSubject-frameworks-${CONFIGURATION}-output-files.xcfilelist",
			);
			runOnlyForDeploymentPostprocessing = 0;
			shellPath = /bin/sh;
			shellScript = "\"${PODS_ROOT}/Target Support Files/Pods-StreamiSubject/Pods-StreamiSubject-frameworks.sh\"\n";
			showEnvVarsInLog = 0;
		};
		00A5C95DDF4462186B4EA263 /* [CP] Check Pods Manifest.lock */ = {
			isa = PBXShellScriptBuildPhase;
			buildActionMask = 2147483647;
			files = (
			);
			inputFileListPaths = (
			);
			inputPaths = (
				"${PODS_PODFILE_DIR_PATH}/Podfile.lock",
				"${PODS_ROOT}/Manifest.lock",
			);
			name = "[CP] Check Pods Manifest.lock";
			outputFileListPaths = (
			);
			outputPaths = (
				"$(DERIVED_FILE_DIR)/Pods-StreamiSubjectTests-checkManifestLockResult.txt",
			);
			runOnlyForDeploymentPostprocessing = 0;
			shellPath = /bin/sh;
			shellScript = "diff \"${PODS_PODFILE_DIR_PATH}/Podfile.lock\" \"${PODS_ROOT}/Manifest.lock\" > /dev/null\nif [ $? != 0 ] ; then\n    # print error to STDERR\n    echo \"error: The sandbox is not in sync with the Podfile.lock. Run 'pod install' or update your CocoaPods installation.\" >&2\n    exit 1\nfi\n# This output is used by Xcode 'outputs' to avoid re-running this script phase.\necho \"SUCCESS\" > \"${SCRIPT_OUTPUT_FILE_0}\"\n";
			showEnvVarsInLog = 0;
		};
		0B09623C75A6D71FB31A5835 /* [CP] Check Pods Manifest.lock */ = {
			isa = PBXShellScriptBuildPhase;
			buildActionMask = 2147483647;
			files = (
			);
			inputFileListPaths = (
			);
			inputPaths = (
				"${PODS_PODFILE_DIR_PATH}/Podfile.lock",
				"${PODS_ROOT}/Manifest.lock",
			);
			name = "[CP] Check Pods Manifest.lock";
			outputFileListPaths = (
			);
			outputPaths = (
				"$(DERIVED_FILE_DIR)/Pods-StreamiSubject-checkManifestLockResult.txt",
			);
			runOnlyForDeploymentPostprocessing = 0;
			shellPath = /bin/sh;
			shellScript = "diff \"${PODS_PODFILE_DIR_PATH}/Podfile.lock\" \"${PODS_ROOT}/Manifest.lock\" > /dev/null\nif [ $? != 0 ] ; then\n    # print error to STDERR\n    echo \"error: The sandbox is not in sync with the Podfile.lock. Run 'pod install' or update your CocoaPods installation.\" >&2\n    exit 1\nfi\n# This output is used by Xcode 'outputs' to avoid re-running this script phase.\necho \"SUCCESS\" > \"${SCRIPT_OUTPUT_FILE_0}\"\n";
			showEnvVarsInLog = 0;
		};
		3BE0E4F285AA6011E8953551 /* [CP] Embed Pods Frameworks */ = {
			isa = PBXShellScriptBuildPhase;
			buildActionMask = 2147483647;
			files = (
			);
			inputFileListPaths = (
				"${PODS_ROOT}/Target Support Files/Pods-StreamiSubject-StreamiSubjectUITests/Pods-StreamiSubject-StreamiSubjectUITests-frameworks-${CONFIGURATION}-input-files.xcfilelist",
			);
			name = "[CP] Embed Pods Frameworks";
			outputFileListPaths = (
				"${PODS_ROOT}/Target Support Files/Pods-StreamiSubject-StreamiSubjectUITests/Pods-StreamiSubject-StreamiSubjectUITests-frameworks-${CONFIGURATION}-output-files.xcfilelist",
			);
			runOnlyForDeploymentPostprocessing = 0;
			shellPath = /bin/sh;
			shellScript = "\"${PODS_ROOT}/Target Support Files/Pods-StreamiSubject-StreamiSubjectUITests/Pods-StreamiSubject-StreamiSubjectUITests-frameworks.sh\"\n";
			showEnvVarsInLog = 0;
		};
		61DB8851FF55B230405681D0 /* [CP] Check Pods Manifest.lock */ = {
			isa = PBXShellScriptBuildPhase;
			buildActionMask = 2147483647;
			files = (
			);
			inputFileListPaths = (
			);
			inputPaths = (
				"${PODS_PODFILE_DIR_PATH}/Podfile.lock",
				"${PODS_ROOT}/Manifest.lock",
			);
			name = "[CP] Check Pods Manifest.lock";
			outputFileListPaths = (
			);
			outputPaths = (
				"$(DERIVED_FILE_DIR)/Pods-StreamiSubject-StreamiSubjectUITests-checkManifestLockResult.txt",
			);
			runOnlyForDeploymentPostprocessing = 0;
			shellPath = /bin/sh;
			shellScript = "diff \"${PODS_PODFILE_DIR_PATH}/Podfile.lock\" \"${PODS_ROOT}/Manifest.lock\" > /dev/null\nif [ $? != 0 ] ; then\n    # print error to STDERR\n    echo \"error: The sandbox is not in sync with the Podfile.lock. Run 'pod install' or update your CocoaPods installation.\" >&2\n    exit 1\nfi\n# This output is used by Xcode 'outputs' to avoid re-running this script phase.\necho \"SUCCESS\" > \"${SCRIPT_OUTPUT_FILE_0}\"\n";
			showEnvVarsInLog = 0;
		};
/* End PBXShellScriptBuildPhase section */

/* Begin PBXSourcesBuildPhase section */
		C7D401C8245AFCCB008B9926 /* Sources */ = {
			isa = PBXSourcesBuildPhase;
			buildActionMask = 2147483647;
			files = (
				C70D5F8E245B0519001E3006 /* MainModel.swift in Sources */,
				C70D5F8C245B0506001E3006 /* MainViewModel.swift in Sources */,
				C75BF2E52463264900CC7CC0 /* HomeCellTableViewCell.swift in Sources */,
				C71B6F0D245C728700D3693A /* HomeModel.swift in Sources */,
				C7D401D4245AFCCB008B9926 /* ViewController.swift in Sources */,
				C71B6F0B245C726C00D3693A /* HomeViewModel.swift in Sources */,
				C70D5F83245B0227001E3006 /* BaseViewController.swift in Sources */,
				C7D401D0245AFCCB008B9926 /* AppDelegate.swift in Sources */,
				C70D5F89245B036D001E3006 /* MainViewController.swift in Sources */,
				C75BF2E9246406BF00CC7CC0 /* IndicatorViewViewController.swift in Sources */,
				C7D33B5F24630C40007AD2D2 /* HomeRepository.swift in Sources */,
				C7D33B5B2462EEC0007AD2D2 /* CoinRepository.swift in Sources */,
				C70D5F90245B062D001E3006 /* Base.swift in Sources */,
				C70D5F7E245B01C1001E3006 /* HomeViewController.swift in Sources */,
				C7D33B5D2462F1C6007AD2D2 /* CoinMaster.swift in Sources */,
			);
			runOnlyForDeploymentPostprocessing = 0;
		};
		C7D401DE245AFCCE008B9926 /* Sources */ = {
			isa = PBXSourcesBuildPhase;
			buildActionMask = 2147483647;
			files = (
				C7D401E7245AFCCE008B9926 /* StreamiSubjectTests.swift in Sources */,
			);
			runOnlyForDeploymentPostprocessing = 0;
		};
		C7D401E9245AFCCE008B9926 /* Sources */ = {
			isa = PBXSourcesBuildPhase;
			buildActionMask = 2147483647;
			files = (
				C7D401F2245AFCCE008B9926 /* StreamiSubjectUITests.swift in Sources */,
			);
			runOnlyForDeploymentPostprocessing = 0;
		};
/* End PBXSourcesBuildPhase section */

/* Begin PBXTargetDependency section */
		C7D401E4245AFCCE008B9926 /* PBXTargetDependency */ = {
			isa = PBXTargetDependency;
			target = C7D401CB245AFCCB008B9926 /* StreamiSubject */;
			targetProxy = C7D401E3245AFCCE008B9926 /* PBXContainerItemProxy */;
		};
		C7D401EF245AFCCE008B9926 /* PBXTargetDependency */ = {
			isa = PBXTargetDependency;
			target = C7D401CB245AFCCB008B9926 /* StreamiSubject */;
			targetProxy = C7D401EE245AFCCE008B9926 /* PBXContainerItemProxy */;
		};
/* End PBXTargetDependency section */

/* Begin PBXVariantGroup section */
		C7D401D5245AFCCB008B9926 /* Main.storyboard */ = {
			isa = PBXVariantGroup;
			children = (
				C7D401D6245AFCCB008B9926 /* Base */,
			);
			name = Main.storyboard;
			sourceTree = "<group>";
		};
		C7D401DA245AFCCE008B9926 /* LaunchScreen.storyboard */ = {
			isa = PBXVariantGroup;
			children = (
				C7D401DB245AFCCE008B9926 /* Base */,
			);
			name = LaunchScreen.storyboard;
			sourceTree = "<group>";
		};
/* End PBXVariantGroup section */

/* Begin XCBuildConfiguration section */
		C7D401F4245AFCCE008B9926 /* Debug */ = {
			isa = XCBuildConfiguration;
			buildSettings = {
				ALWAYS_SEARCH_USER_PATHS = NO;
				CLANG_ANALYZER_NONNULL = YES;
				CLANG_ANALYZER_NUMBER_OBJECT_CONVERSION = YES_AGGRESSIVE;
				CLANG_CXX_LANGUAGE_STANDARD = "gnu++14";
				CLANG_CXX_LIBRARY = "libc++";
				CLANG_ENABLE_MODULES = YES;
				CLANG_ENABLE_OBJC_ARC = YES;
				CLANG_ENABLE_OBJC_WEAK = YES;
				CLANG_WARN_BLOCK_CAPTURE_AUTORELEASING = YES;
				CLANG_WARN_BOOL_CONVERSION = YES;
				CLANG_WARN_COMMA = YES;
				CLANG_WARN_CONSTANT_CONVERSION = YES;
				CLANG_WARN_DEPRECATED_OBJC_IMPLEMENTATIONS = YES;
				CLANG_WARN_DIRECT_OBJC_ISA_USAGE = YES_ERROR;
				CLANG_WARN_DOCUMENTATION_COMMENTS = YES;
				CLANG_WARN_EMPTY_BODY = YES;
				CLANG_WARN_ENUM_CONVERSION = YES;
				CLANG_WARN_INFINITE_RECURSION = YES;
				CLANG_WARN_INT_CONVERSION = YES;
				CLANG_WARN_NON_LITERAL_NULL_CONVERSION = YES;
				CLANG_WARN_OBJC_IMPLICIT_RETAIN_SELF = YES;
				CLANG_WARN_OBJC_LITERAL_CONVERSION = YES;
				CLANG_WARN_OBJC_ROOT_CLASS = YES_ERROR;
				CLANG_WARN_RANGE_LOOP_ANALYSIS = YES;
				CLANG_WARN_STRICT_PROTOTYPES = YES;
				CLANG_WARN_SUSPICIOUS_MOVE = YES;
				CLANG_WARN_UNGUARDED_AVAILABILITY = YES_AGGRESSIVE;
				CLANG_WARN_UNREACHABLE_CODE = YES;
				CLANG_WARN__DUPLICATE_METHOD_MATCH = YES;
				COPY_PHASE_STRIP = NO;
				DEBUG_INFORMATION_FORMAT = dwarf;
				ENABLE_STRICT_OBJC_MSGSEND = YES;
				ENABLE_TESTABILITY = YES;
				GCC_C_LANGUAGE_STANDARD = gnu11;
				GCC_DYNAMIC_NO_PIC = NO;
				GCC_NO_COMMON_BLOCKS = YES;
				GCC_OPTIMIZATION_LEVEL = 0;
				GCC_PREPROCESSOR_DEFINITIONS = (
					"DEBUG=1",
					"$(inherited)",
				);
				GCC_WARN_64_TO_32_BIT_CONVERSION = YES;
				GCC_WARN_ABOUT_RETURN_TYPE = YES_ERROR;
				GCC_WARN_UNDECLARED_SELECTOR = YES;
				GCC_WARN_UNINITIALIZED_AUTOS = YES_AGGRESSIVE;
				GCC_WARN_UNUSED_FUNCTION = YES;
				GCC_WARN_UNUSED_VARIABLE = YES;
				IPHONEOS_DEPLOYMENT_TARGET = 13.2;
				MTL_ENABLE_DEBUG_INFO = INCLUDE_SOURCE;
				MTL_FAST_MATH = YES;
				ONLY_ACTIVE_ARCH = YES;
				SDKROOT = iphoneos;
				SWIFT_ACTIVE_COMPILATION_CONDITIONS = DEBUG;
				SWIFT_OPTIMIZATION_LEVEL = "-Onone";
			};
			name = Debug;
		};
		C7D401F5245AFCCE008B9926 /* Release */ = {
			isa = XCBuildConfiguration;
			buildSettings = {
				ALWAYS_SEARCH_USER_PATHS = NO;
				CLANG_ANALYZER_NONNULL = YES;
				CLANG_ANALYZER_NUMBER_OBJECT_CONVERSION = YES_AGGRESSIVE;
				CLANG_CXX_LANGUAGE_STANDARD = "gnu++14";
				CLANG_CXX_LIBRARY = "libc++";
				CLANG_ENABLE_MODULES = YES;
				CLANG_ENABLE_OBJC_ARC = YES;
				CLANG_ENABLE_OBJC_WEAK = YES;
				CLANG_WARN_BLOCK_CAPTURE_AUTORELEASING = YES;
				CLANG_WARN_BOOL_CONVERSION = YES;
				CLANG_WARN_COMMA = YES;
				CLANG_WARN_CONSTANT_CONVERSION = YES;
				CLANG_WARN_DEPRECATED_OBJC_IMPLEMENTATIONS = YES;
				CLANG_WARN_DIRECT_OBJC_ISA_USAGE = YES_ERROR;
				CLANG_WARN_DOCUMENTATION_COMMENTS = YES;
				CLANG_WARN_EMPTY_BODY = YES;
				CLANG_WARN_ENUM_CONVERSION = YES;
				CLANG_WARN_INFINITE_RECURSION = YES;
				CLANG_WARN_INT_CONVERSION = YES;
				CLANG_WARN_NON_LITERAL_NULL_CONVERSION = YES;
				CLANG_WARN_OBJC_IMPLICIT_RETAIN_SELF = YES;
				CLANG_WARN_OBJC_LITERAL_CONVERSION = YES;
				CLANG_WARN_OBJC_ROOT_CLASS = YES_ERROR;
				CLANG_WARN_RANGE_LOOP_ANALYSIS = YES;
				CLANG_WARN_STRICT_PROTOTYPES = YES;
				CLANG_WARN_SUSPICIOUS_MOVE = YES;
				CLANG_WARN_UNGUARDED_AVAILABILITY = YES_AGGRESSIVE;
				CLANG_WARN_UNREACHABLE_CODE = YES;
				CLANG_WARN__DUPLICATE_METHOD_MATCH = YES;
				COPY_PHASE_STRIP = NO;
				DEBUG_INFORMATION_FORMAT = "dwarf-with-dsym";
				ENABLE_NS_ASSERTIONS = NO;
				ENABLE_STRICT_OBJC_MSGSEND = YES;
				GCC_C_LANGUAGE_STANDARD = gnu11;
				GCC_NO_COMMON_BLOCKS = YES;
				GCC_WARN_64_TO_32_BIT_CONVERSION = YES;
				GCC_WARN_ABOUT_RETURN_TYPE = YES_ERROR;
				GCC_WARN_UNDECLARED_SELECTOR = YES;
				GCC_WARN_UNINITIALIZED_AUTOS = YES_AGGRESSIVE;
				GCC_WARN_UNUSED_FUNCTION = YES;
				GCC_WARN_UNUSED_VARIABLE = YES;
				IPHONEOS_DEPLOYMENT_TARGET = 13.2;
				MTL_ENABLE_DEBUG_INFO = NO;
				MTL_FAST_MATH = YES;
				SDKROOT = iphoneos;
				SWIFT_COMPILATION_MODE = wholemodule;
				SWIFT_OPTIMIZATION_LEVEL = "-O";
				VALIDATE_PRODUCT = YES;
			};
			name = Release;
		};
		C7D401F7245AFCCE008B9926 /* Debug */ = {
			isa = XCBuildConfiguration;
			baseConfigurationReference = BE88847F609BA3E8F7BCDF6F /* Pods-StreamiSubject.debug.xcconfig */;
			buildSettings = {
				ASSETCATALOG_COMPILER_APPICON_NAME = AppIcon;
				CODE_SIGN_STYLE = Automatic;
				INFOPLIST_FILE = StreamiSubject/Info.plist;
				IPHONEOS_DEPLOYMENT_TARGET = 11.0;
				LD_RUNPATH_SEARCH_PATHS = (
					"$(inherited)",
					"@executable_path/Frameworks",
				);
				PRODUCT_BUNDLE_IDENTIFIER = kr.co.StreamiSubject;
				PRODUCT_NAME = "$(TARGET_NAME)";
				SWIFT_VERSION = 5.0;
				TARGETED_DEVICE_FAMILY = 1;
			};
			name = Debug;
		};
		C7D401F8245AFCCE008B9926 /* Release */ = {
			isa = XCBuildConfiguration;
			baseConfigurationReference = 18F62F640F16B8A4D005C1D6 /* Pods-StreamiSubject.release.xcconfig */;
			buildSettings = {
				ASSETCATALOG_COMPILER_APPICON_NAME = AppIcon;
				CODE_SIGN_STYLE = Automatic;
				INFOPLIST_FILE = StreamiSubject/Info.plist;
				IPHONEOS_DEPLOYMENT_TARGET = 11.0;
				LD_RUNPATH_SEARCH_PATHS = (
					"$(inherited)",
					"@executable_path/Frameworks",
				);
				PRODUCT_BUNDLE_IDENTIFIER = kr.co.StreamiSubject;
				PRODUCT_NAME = "$(TARGET_NAME)";
				SWIFT_VERSION = 5.0;
				TARGETED_DEVICE_FAMILY = 1;
			};
			name = Release;
		};
		C7D401FA245AFCCE008B9926 /* Debug */ = {
			isa = XCBuildConfiguration;
			baseConfigurationReference = 9AF0F264583572E85E9B4787 /* Pods-StreamiSubjectTests.debug.xcconfig */;
			buildSettings = {
				ALWAYS_EMBED_SWIFT_STANDARD_LIBRARIES = YES;
				BUNDLE_LOADER = "$(TEST_HOST)";
				CODE_SIGN_STYLE = Automatic;
				INFOPLIST_FILE = StreamiSubjectTests/Info.plist;
				IPHONEOS_DEPLOYMENT_TARGET = 13.2;
				LD_RUNPATH_SEARCH_PATHS = (
					"$(inherited)",
					"@executable_path/Frameworks",
					"@loader_path/Frameworks",
				);
				PRODUCT_BUNDLE_IDENTIFIER = kr.co.StreamiSubjectTests;
				PRODUCT_NAME = "$(TARGET_NAME)";
				SWIFT_VERSION = 5.0;
				TARGETED_DEVICE_FAMILY = "1,2";
				TEST_HOST = "$(BUILT_PRODUCTS_DIR)/StreamiSubject.app/StreamiSubject";
			};
			name = Debug;
		};
		C7D401FB245AFCCE008B9926 /* Release */ = {
			isa = XCBuildConfiguration;
			baseConfigurationReference = 066A7FFCDEC2B6889983F4CA /* Pods-StreamiSubjectTests.release.xcconfig */;
			buildSettings = {
				ALWAYS_EMBED_SWIFT_STANDARD_LIBRARIES = YES;
				BUNDLE_LOADER = "$(TEST_HOST)";
				CODE_SIGN_STYLE = Automatic;
				INFOPLIST_FILE = StreamiSubjectTests/Info.plist;
				IPHONEOS_DEPLOYMENT_TARGET = 13.2;
				LD_RUNPATH_SEARCH_PATHS = (
					"$(inherited)",
					"@executable_path/Frameworks",
					"@loader_path/Frameworks",
				);
				PRODUCT_BUNDLE_IDENTIFIER = kr.co.StreamiSubjectTests;
				PRODUCT_NAME = "$(TARGET_NAME)";
				SWIFT_VERSION = 5.0;
				TARGETED_DEVICE_FAMILY = "1,2";
				TEST_HOST = "$(BUILT_PRODUCTS_DIR)/StreamiSubject.app/StreamiSubject";
			};
			name = Release;
		};
		C7D401FD245AFCCE008B9926 /* Debug */ = {
			isa = XCBuildConfiguration;
			baseConfigurationReference = 4C9C1651F6F11C4087DEFFB6 /* Pods-StreamiSubject-StreamiSubjectUITests.debug.xcconfig */;
			buildSettings = {
				ALWAYS_EMBED_SWIFT_STANDARD_LIBRARIES = YES;
				CODE_SIGN_STYLE = Automatic;
				INFOPLIST_FILE = StreamiSubjectUITests/Info.plist;
				LD_RUNPATH_SEARCH_PATHS = (
					"$(inherited)",
					"@executable_path/Frameworks",
					"@loader_path/Frameworks",
				);
				PRODUCT_BUNDLE_IDENTIFIER = kr.co.StreamiSubjectUITests;
				PRODUCT_NAME = "$(TARGET_NAME)";
				SWIFT_VERSION = 5.0;
				TARGETED_DEVICE_FAMILY = "1,2";
				TEST_TARGET_NAME = StreamiSubject;
			};
			name = Debug;
		};
		C7D401FE245AFCCE008B9926 /* Release */ = {
			isa = XCBuildConfiguration;
			baseConfigurationReference = 87CB16592E7C1CFAA01D2F34 /* Pods-StreamiSubject-StreamiSubjectUITests.release.xcconfig */;
			buildSettings = {
				ALWAYS_EMBED_SWIFT_STANDARD_LIBRARIES = YES;
				CODE_SIGN_STYLE = Automatic;
				INFOPLIST_FILE = StreamiSubjectUITests/Info.plist;
				LD_RUNPATH_SEARCH_PATHS = (
					"$(inherited)",
					"@executable_path/Frameworks",
					"@loader_path/Frameworks",
				);
				PRODUCT_BUNDLE_IDENTIFIER = kr.co.StreamiSubjectUITests;
				PRODUCT_NAME = "$(TARGET_NAME)";
				SWIFT_VERSION = 5.0;
				TARGETED_DEVICE_FAMILY = "1,2";
				TEST_TARGET_NAME = StreamiSubject;
			};
			name = Release;
		};
/* End XCBuildConfiguration section */

/* Begin XCConfigurationList section */
		C7D401C7245AFCCB008B9926 /* Build configuration list for PBXProject "StreamiSubject" */ = {
			isa = XCConfigurationList;
			buildConfigurations = (
				C7D401F4245AFCCE008B9926 /* Debug */,
				C7D401F5245AFCCE008B9926 /* Release */,
			);
			defaultConfigurationIsVisible = 0;
			defaultConfigurationName = Release;
		};
		C7D401F6245AFCCE008B9926 /* Build configuration list for PBXNativeTarget "StreamiSubject" */ = {
			isa = XCConfigurationList;
			buildConfigurations = (
				C7D401F7245AFCCE008B9926 /* Debug */,
				C7D401F8245AFCCE008B9926 /* Release */,
			);
			defaultConfigurationIsVisible = 0;
			defaultConfigurationName = Release;
		};
		C7D401F9245AFCCE008B9926 /* Build configuration list for PBXNativeTarget "StreamiSubjectTests" */ = {
			isa = XCConfigurationList;
			buildConfigurations = (
				C7D401FA245AFCCE008B9926 /* Debug */,
				C7D401FB245AFCCE008B9926 /* Release */,
			);
			defaultConfigurationIsVisible = 0;
			defaultConfigurationName = Release;
		};
		C7D401FC245AFCCE008B9926 /* Build configuration list for PBXNativeTarget "StreamiSubjectUITests" */ = {
			isa = XCConfigurationList;
			buildConfigurations = (
				C7D401FD245AFCCE008B9926 /* Debug */,
				C7D401FE245AFCCE008B9926 /* Release */,
			);
			defaultConfigurationIsVisible = 0;
			defaultConfigurationName = Release;
		};
/* End XCConfigurationList section */
	};
	rootObject = C7D401C4245AFCCB008B9926 /* Project object */;
}
